Microsoft Visual Studio Solution File, Format Version 12.00
# Visual Studio Version 17
VisualStudioVersion = 17.5.2.0
MinimumVisualStudioVersion = 10.0.40219.1
Project("{FAE04EC0-301F-11D3-BF4B-00C04F79EFBC}") = "LeCompteEstBon", "CSharp\LeCompteEstBon.csproj", "{B66DCE9E-4C37-DE94-D58F-EA38CD1E0FD2}"
EndProject
Global
	GlobalSection(SolutionConfigurationPlatforms) = preSolution
		Debug|Any CPU = Debug|Any CPU
		Release|Any CPU = Release|Any CPU
	EndGlobalSection
	GlobalSection(ProjectConfigurationPlatforms) = postSolution
		{B66DCE9E-4C37-DE94-D58F-EA38CD1E0FD2}.Debug|Any CPU.ActiveCfg = Debug|Any CPU
		{B66DCE9E-4C37-DE94-D58F-EA38CD1E0FD2}.Debug|Any CPU.Build.0 = Debug|Any CPU
		{B66DCE9E-4C37-DE94-D58F-EA38CD1E0FD2}.Release|Any CPU.ActiveCfg = Release|Any CPU
		{B66DCE9E-4C37-DE94-D58F-EA38CD1E0FD2}.Release|Any CPU.Build.0 = Release|Any CPU
	EndGlobalSection
	GlobalSection(SolutionProperties) = preSolution
		HideSolutionNode = FALSE
	EndGlobalSection
	GlobalSection(ExtensibilityGlobals) = postSolution
		SolutionGuid = {80308255-A76C-460B-8CA8-96896B9CB708}
	EndGlobalSection
EndGlobal
